
Microsoft Visual Studio Solution File, Format Version 12.00
# Visual Studio 15
VisualStudioVersion = 15.0.27130.2027
MinimumVisualStudioVersion = 10.0.40219.1
Project("{F2A71F9B-5D33-465A-A702-920D77279786}") = "Contact", "Contact\Contact.fsproj", "{5468018D-029C-4B0A-A865-D1CD7F066F12}"
EndProject
Global
	GlobalSection(SolutionConfigurationPlatforms) = preSolution
		Debug|Any CPU = Debug|Any CPU
		Release|Any CPU = Release|Any CPU
	EndGlobalSection
	GlobalSection(ProjectConfigurationPlatforms) = postSolution
		{5468018D-029C-4B0A-A865-D1CD7F066F12}.Debug|Any CPU.ActiveCfg = Debug|Any CPU
		{5468018D-029C-4B0A-A865-D1CD7F066F12}.Debug|Any CPU.Build.0 = Debug|Any CPU
		{5468018D-029C-4B0A-A865-D1CD7F066F12}.Release|Any CPU.ActiveCfg = Release|Any CPU
		{5468018D-029C-4B0A-A865-D1CD7F066F12}.Release|Any CPU.Build.0 = Release|Any CPU
	EndGlobalSection
	GlobalSection(SolutionProperties) = preSolution
		HideSolutionNode = FALSE
	EndGlobalSection
	GlobalSection(ExtensibilityGlobals) = postSolution
		SolutionGuid = {6B27FB73-AB73-4B16-B376-EEA0C78571E0}
	EndGlobalSection
EndGlobal
